
Microsoft Visual Studio Solution File, Format Version 12.00
# Visual Studio 2017
Project("{FAE04EC0-301F-11D3-BF4B-00C04F79EFBC}") = "StackFlow", "StackFlow.csproj", "{637B6AE8-49D4-6230-74CE-A0254DDD9084}"
EndProject
Project("{FAE04EC0-301F-11D3-BF4B-00C04F79EFBC}") = "StackFlow.Plugins", "StackFlow.Plugins.csproj", "{38B6B476-A91F-1A8E-0BCC-D91E93B8BC75}"
EndProject
Project("{FAE04EC0-301F-11D3-BF4B-00C04F79EFBC}") = "StackFlow.Editor.Plugins", "StackFlow.Editor.Plugins.csproj", "{FAF83A55-AFD4-9F09-3158-D169BD8563F1}"
EndProject
Global
	GlobalSection(SolutionConfigurationPlatforms) = preSolution
		Debug|Any CPU = Debug|Any CPU
		Release|Any CPU = Release|Any CPU
	EndGlobalSection
	GlobalSection(ProjectConfigurationPlatforms) = postSolution
		{637B6AE8-49D4-6230-74CE-A0254DDD9084}.Debug|Any CPU.ActiveCfg = Debug|Any CPU
		{637B6AE8-49D4-6230-74CE-A0254DDD9084}.Debug|Any CPU.Build.0 = Debug|Any CPU
		{637B6AE8-49D4-6230-74CE-A0254DDD9084}.Release|Any CPU.ActiveCfg = Release|Any CPU
		{637B6AE8-49D4-6230-74CE-A0254DDD9084}.Release|Any CPU.Build.0 = Release|Any CPU
		{38B6B476-A91F-1A8E-0BCC-D91E93B8BC75}.Debug|Any CPU.ActiveCfg = Debug|Any CPU
		{38B6B476-A91F-1A8E-0BCC-D91E93B8BC75}.Debug|Any CPU.Build.0 = Debug|Any CPU
		{38B6B476-A91F-1A8E-0BCC-D91E93B8BC75}.Release|Any CPU.ActiveCfg = Release|Any CPU
		{38B6B476-A91F-1A8E-0BCC-D91E93B8BC75}.Release|Any CPU.Build.0 = Release|Any CPU
		{FAF83A55-AFD4-9F09-3158-D169BD8563F1}.Debug|Any CPU.ActiveCfg = Debug|Any CPU
		{FAF83A55-AFD4-9F09-3158-D169BD8563F1}.Debug|Any CPU.Build.0 = Debug|Any CPU
		{FAF83A55-AFD4-9F09-3158-D169BD8563F1}.Release|Any CPU.ActiveCfg = Release|Any CPU
		{FAF83A55-AFD4-9F09-3158-D169BD8563F1}.Release|Any CPU.Build.0 = Release|Any CPU
	EndGlobalSection
	GlobalSection(SolutionProperties) = preSolution
		HideSolutionNode = FALSE
	EndGlobalSection
EndGlobal
